{
  "name": "pi-binary-led-thermometer",
  "version": "1.0.0",
  "lockfileVersion": 1,
  "requires": true,
  "dependencies": {
    "bindings": {
      "version": "1.3.0",
      "resolved": "https://registry.npmjs.org/bindings/-/bindings-1.3.0.tgz",
      "integrity": "sha512-DpLh5EzMR2kzvX1KIlVC0VkC3iZtHKTgdtZ0a3pglBZdaQFjt5S9g9xd1lE+YvXyfd6mtCeRnrUfOLYiTMlNSw=="
    },
    "bme680-sensor": {
      "version": "0.1.4",
      "resolved": "https://registry.npmjs.org/bme680-sensor/-/bme680-sensor-0.1.4.tgz",
      "integrity": "sha512-/uKyozNphfQbyD4AzbLqgm+k163o8Uy4Vg4H6dsxpxFpDhwLP3pkmBMm4aX2Vl+H5E9rhzQvYJvZcOLCXX5oGQ==",
      "requires": {
        "i2c-bus": "^4.0.1"
      }
    },
    "i2c-bus": {
      "version": "4.0.1",
      "resolved": "https://registry.npmjs.org/i2c-bus/-/i2c-bus-4.0.1.tgz",
      "integrity": "sha512-uZ2FEUAshixpnY/PW+5bLgzmZctryX5K3RfjD41tv0oPWNjiVJv26sF6KgQ2D370f5rNq8+1m8OBzQoNka6bTw==",
      "requires": {
        "bindings": "^1.3.0",
        "nan": "^2.10.0"
      }
    },
    "nan": {
      "version": "2.10.0",
      "resolved": "https://registry.npmjs.org/nan/-/nan-2.10.0.tgz",
      "integrity": "sha512-bAdJv7fBLhWC+/Bls0Oza+mvTaNQtP+1RyhhhvD95pgUJz6XM5IzgmxOkItJ9tkoCiplvAnXI1tNmmUD/eScyA=="
    },
    "rpio": {
      "version": "0.9.22",
      "resolved": "https://registry.npmjs.org/rpio/-/rpio-0.9.22.tgz",
      "integrity": "sha512-QWJ15dtocgb5gN/ol6llOqWSi2E9jU2N2JPlS/PusKCdQ7+OH3+t2aaza7ZSSGpB+2EIdVRwGjQZU6jUzOnyOw==",
      "requires": {
        "bindings": "*",
        "nan": "*"
      }
    }
  }
}
